
Microsoft Visual Studio Solution File, Format Version 12.00
# Visual Studio 15
VisualStudioVersion = 15.0.28307.421
MinimumVisualStudioVersion = 10.0.40219.1
Project("{FAE04EC0-301F-11D3-BF4B-00C04F79EFBC}") = "PixelColorDetector", "PixelColorDetector\PixelColorDetector.csproj", "{48B588BA-A427-4AE6-BFEF-2BC56BB077DF}"
EndProject
Global
	GlobalSection(SolutionConfigurationPlatforms) = preSolution
		Debug|Any CPU = Debug|Any CPU
		Release|Any CPU = Release|Any CPU
	EndGlobalSection
	GlobalSection(ProjectConfigurationPlatforms) = postSolution
		{48B588BA-A427-4AE6-BFEF-2BC56BB077DF}.Debug|Any CPU.ActiveCfg = Debug|Any CPU
		{48B588BA-A427-4AE6-BFEF-2BC56BB077DF}.Debug|Any CPU.Build.0 = Debug|Any CPU
		{48B588BA-A427-4AE6-BFEF-2BC56BB077DF}.Release|Any CPU.ActiveCfg = Release|Any CPU
		{48B588BA-A427-4AE6-BFEF-2BC56BB077DF}.Release|Any CPU.Build.0 = Release|Any CPU
	EndGlobalSection
	GlobalSection(SolutionProperties) = preSolution
		HideSolutionNode = FALSE
	EndGlobalSection
	GlobalSection(ExtensibilityGlobals) = postSolution
		SolutionGuid = {8E922591-986A-4E0F-A7B0-57B484C11608}
	EndGlobalSection
EndGlobal
